// !$*UTF8*$!
{
	archiveVersion = 1;
	classes = {
	};
	objectVersion = 46;
	objects = {

/* Begin PBXBuildFile section */
		D5B451BF1CAE722000713157 /* main.m in Sources */ = {isa = PBXBuildFile; fileRef = D5B451BE1CAE722000713157 /* main.m */; };
		D5B451C21CAE722000713157 /* AppDelegate.m in Sources */ = {isa = PBXBuildFile; fileRef = D5B451C11CAE722000713157 /* AppDelegate.m */; };
		D5B451C51CAE722000713157 /* ViewController.m in Sources */ = {isa = PBXBuildFile; fileRef = D5B451C41CAE722000713157 /* ViewController.m */; };
		D5B451C81CAE722000713157 /* Main.storyboard in Resources */ = {isa = PBXBuildFile; fileRef = D5B451C61CAE722000713157 /* Main.storyboard */; };
		D5B451CA1CAE722000713157 /* Assets.xcassets in Resources */ = {isa = PBXBuildFile; fileRef = D5B451C91CAE722000713157 /* Assets.xcassets */; };
		D5B451CD1CAE722000713157 /* LaunchScreen.storyboard in Resources */ = {isa = PBXBuildFile; fileRef = D5B451CB1CAE722000713157 /* LaunchScreen.storyboard */; };
		D5B451D81CAE722000713157 /* _0160401005_CoreAnimation_DifferenceUIViewTests.m in Sources */ = {isa = PBXBuildFile; fileRef = D5B451D71CAE722000713157 /* _0160401005_CoreAnimation_DifferenceUIViewTests.m */; };
		D5B451E31CAE722000713157 /* _0160401005_CoreAnimation_DifferenceUIViewUITests.m in Sources */ = {isa = PBXBuildFile; fileRef = D5B451E21CAE722000713157 /* _0160401005_CoreAnimation_DifferenceUIViewUITests.m */; };
/* End PBXBuildFile section */

/* Begin PBXContainerItemProxy section */
		D5B451D41CAE722000713157 /* PBXContainerItemProxy */ = {
			isa = PBXContainerItemProxy;
			containerPortal = D5B451B21CAE722000713157 /* Project object */;
			proxyType = 1;
			remoteGlobalIDString = D5B451B91CAE722000713157;
			remoteInfo = "20160401005-CoreAnimation-DifferenceUIView";
		};
		D5B451DF1CAE722000713157 /* PBXContainerItemProxy */ = {
			isa = PBXContainerItemProxy;
			containerPortal = D5B451B21CAE722000713157 /* Project object */;
			proxyType = 1;
			remoteGlobalIDString = D5B451B91CAE722000713157;
			remoteInfo = "20160401005-CoreAnimation-DifferenceUIView";
		};
/* End PBXContainerItemProxy section */

/* Begin PBXFileReference section */
		D5B451BA1CAE722000713157 /* 20160401005-CoreAnimation-DifferenceUIView.app */ = {isa = PBXFileReference; explicitFileType = wrapper.application; includeInIndex = 0; path = "20160401005-CoreAnimation-DifferenceUIView.app"; sourceTree = BUILT_PRODUCTS_DIR; };
		D5B451BE1CAE722000713157 /* main.m */ = {isa = PBXFileReference; lastKnownFileType = sourcecode.c.objc; path = main.m; sourceTree = "<group>"; };
		D5B451C01CAE722000713157 /* AppDelegate.h */ = {isa = PBXFileReference; lastKnownFileType = sourcecode.c.h; path = AppDelegate.h; sourceTree = "<group>"; };
		D5B451C11CAE722000713157 /* AppDelegate.m */ = {isa = PBXFileReference; lastKnownFileType = sourcecode.c.objc; path = AppDelegate.m; sourceTree = "<group>"; };
		D5B451C31CAE722000713157 /* ViewController.h */ = {isa = PBXFileReference; lastKnownFileType = sourcecode.c.h; path = ViewController.h; sourceTree = "<group>"; };
		D5B451C41CAE722000713157 /* ViewController.m */ = {isa = PBXFileReference; lastKnownFileType = sourcecode.c.objc; path = ViewController.m; sourceTree = "<group>"; };
		D5B451C71CAE722000713157 /* Base */ = {isa = PBXFileReference; lastKnownFileType = file.storyboard; name = Base; path = Base.lproj/Main.storyboard; sourceTree = "<group>"; };
		D5B451C91CAE722000713157 /* Assets.xcassets */ = {isa = PBXFileReference; lastKnownFileType = folder.assetcatalog; path = Assets.xcassets; sourceTree = "<group>"; };
		D5B451CC1CAE722000713157 /* Base */ = {isa = PBXFileReference; lastKnownFileType = file.storyboard; name = Base; path = Base.lproj/LaunchScreen.storyboard; sourceTree = "<group>"; };
		D5B451CE1CAE722000713157 /* Info.plist */ = {isa = PBXFileReference; lastKnownFileType = text.plist.xml; path = Info.plist; sourceTree = "<group>"; };
		D5B451D31CAE722000713157 /* 20160401005-CoreAnimation-DifferenceUIViewTests.xctest */ = {isa = PBXFileReference; explicitFileType = wrapper.cfbundle; includeInIndex = 0; path = "20160401005-CoreAnimation-DifferenceUIViewTests.xctest"; sourceTree = BUILT_PRODUCTS_DIR; };
		D5B451D71CAE722000713157 /* _0160401005_CoreAnimation_DifferenceUIViewTests.m */ = {isa = PBXFileReference; lastKnownFileType = sourcecode.c.objc; path = _0160401005_CoreAnimation_DifferenceUIViewTests.m; sourceTree = "<group>"; };
		D5B451D91CAE722000713157 /* Info.plist */ = {isa = PBXFileReference; lastKnownFileType = text.plist.xml; path = Info.plist; sourceTree = "<group>"; };
		D5B451DE1CAE722000713157 /* 20160401005-CoreAnimation-DifferenceUIViewUITests.xctest */ = {isa = PBXFileReference; explicitFileType = wrapper.cfbundle; includeInIndex = 0; path = "20160401005-CoreAnimation-DifferenceUIViewUITests.xctest"; sourceTree = BUILT_PRODUCTS_DIR; };
		D5B451E21CAE722000713157 /* _0160401005_CoreAnimation_DifferenceUIViewUITests.m */ = {isa = PBXFileReference; lastKnownFileType = sourcecode.c.objc; path = _0160401005_CoreAnimation_DifferenceUIViewUITests.m; sourceTree = "<group>"; };
		D5B451E41CAE722000713157 /* Info.plist */ = {isa = PBXFileReference; lastKnownFileType = text.plist.xml; path = Info.plist; sourceTree = "<group>"; };
/* End PBXFileReference section */

/* Begin PBXFrameworksBuildPhase section */
		D5B451B71CAE722000713157 /* Frameworks */ = {
			isa = PBXFrameworksBuildPhase;
			buildActionMask = 2147483647;
			files = (
			);
			runOnlyForDeploymentPostprocessing = 0;
		};
		D5B451D01CAE722000713157 /* Frameworks */ = {
			isa = PBXFrameworksBuildPhase;
			buildActionMask = 2147483647;
			files = (
			);
			runOnlyForDeploymentPostprocessing = 0;
		};
		D5B451DB1CAE722000713157 /* Frameworks */ = {
			isa = PBXFrameworksBuildPhase;
			buildActionMask = 2147483647;
			files = (
			);
			runOnlyForDeploymentPostprocessing = 0;
		};
/* End PBXFrameworksBuildPhase section */

/* Begin PBXGroup section */
		D5B451B11CAE722000713157 = {
			isa = PBXGroup;
			children = (
				D5B451BC1CAE722000713157 /* 20160401005-CoreAnimation-DifferenceUIView */,
				D5B451D61CAE722000713157 /* 20160401005-CoreAnimation-DifferenceUIViewTests */,
				D5B451E11CAE722000713157 /* 20160401005-CoreAnimation-DifferenceUIViewUITests */,
				D5B451BB1CAE722000713157 /* Products */,
			);
			sourceTree = "<group>";
		};
		D5B451BB1CAE722000713157 /* Products */ = {
			isa = PBXGroup;
			children = (
				D5B451BA1CAE722000713157 /* 20160401005-CoreAnimation-DifferenceUIView.app */,
				D5B451D31CAE722000713157 /* 20160401005-CoreAnimation-DifferenceUIViewTests.xctest */,
				D5B451DE1CAE722000713157 /* 20160401005-CoreAnimation-DifferenceUIViewUITests.xctest */,
			);
			name = Products;
			sourceTree = "<group>";
		};
		D5B451BC1CAE722000713157 /* 20160401005-CoreAnimation-DifferenceUIView */ = {
			isa = PBXGroup;
			children = (
				D5B451C01CAE722000713157 /* AppDelegate.h */,
				D5B451C11CAE722000713157 /* AppDelegate.m */,
				D5B451C31CAE722000713157 /* ViewController.h */,
				D5B451C41CAE722000713157 /* ViewController.m */,
				D5B451C61CAE722000713157 /* Main.storyboard */,
				D5B451C91CAE722000713157 /* Assets.xcassets */,
				D5B451CB1CAE722000713157 /* LaunchScreen.storyboard */,
				D5B451CE1CAE722000713157 /* Info.plist */,
				D5B451BD1CAE722000713157 /* Supporting Files */,
			);
			path = "20160401005-CoreAnimation-DifferenceUIView";
			sourceTree = "<group>";
		};
		D5B451BD1CAE722000713157 /* Supporting Files */ = {
			isa = PBXGroup;
			children = (
				D5B451BE1CAE722000713157 /* main.m */,
			);
			name = "Supporting Files";
			sourceTree = "<group>";
		};
		D5B451D61CAE722000713157 /* 20160401005-CoreAnimation-DifferenceUIViewTests */ = {
			isa = PBXGroup;
			children = (
				D5B451D71CAE722000713157 /* _0160401005_CoreAnimation_DifferenceUIViewTests.m */,
				D5B451D91CAE722000713157 /* Info.plist */,
			);
			path = "20160401005-CoreAnimation-DifferenceUIViewTests";
			sourceTree = "<group>";
		};
		D5B451E11CAE722000713157 /* 20160401005-CoreAnimation-DifferenceUIViewUITests */ = {
			isa = PBXGroup;
			children = (
				D5B451E21CAE722000713157 /* _0160401005_CoreAnimation_DifferenceUIViewUITests.m */,
				D5B451E41CAE722000713157 /* Info.plist */,
			);
			path = "20160401005-CoreAnimation-DifferenceUIViewUITests";
			sourceTree = "<group>";
		};
/* End PBXGroup section */

/* Begin PBXNativeTarget section */
		D5B451B91CAE722000713157 /* 20160401005-CoreAnimation-DifferenceUIView */ = {
			isa = PBXNativeTarget;
			buildConfigurationList = D5B451E71CAE722000713157 /* Build configuration list for PBXNativeTarget "20160401005-CoreAnimation-DifferenceUIView" */;
			buildPhases = (
				D5B451B61CAE722000713157 /* Sources */,
				D5B451B71CAE722000713157 /* Frameworks */,
				D5B451B81CAE722000713157 /* Resources */,
			);
			buildRules = (
			);
			dependencies = (
			);
			name = "20160401005-CoreAnimation-DifferenceUIView";
			productName = "20160401005-CoreAnimation-DifferenceUIView";
			productReference = D5B451BA1CAE722000713157 /* 20160401005-CoreAnimation-DifferenceUIView.app */;
			productType = "com.apple.product-type.application";
		};
		D5B451D21CAE722000713157 /* 20160401005-CoreAnimation-DifferenceUIViewTests */ = {
			isa = PBXNativeTarget;
			buildConfigurationList = D5B451EA1CAE722000713157 /* Build configuration list for PBXNativeTarget "20160401005-CoreAnimation-DifferenceUIViewTests" */;
			buildPhases = (
				D5B451CF1CAE722000713157 /* Sources */,
				D5B451D01CAE722000713157 /* Frameworks */,
				D5B451D11CAE722000713157 /* Resources */,
			);
			buildRules = (
			);
			dependencies = (
				D5B451D51CAE722000713157 /* PBXTargetDependency */,
			);
			name = "20160401005-CoreAnimation-DifferenceUIViewTests";
			productName = "20160401005-CoreAnimation-DifferenceUIViewTests";
			productReference = D5B451D31CAE722000713157 /* 20160401005-CoreAnimation-DifferenceUIViewTests.xctest */;
			productType = "com.apple.product-type.bundle.unit-test";
		};
		D5B451DD1CAE722000713157 /* 20160401005-CoreAnimation-DifferenceUIViewUITests */ = {
			isa = PBXNativeTarget;
			buildConfigurationList = D5B451ED1CAE722000713157 /* Build configuration list for PBXNativeTarget "20160401005-CoreAnimation-DifferenceUIViewUITests" */;
			buildPhases = (
				D5B451DA1CAE722000713157 /* Sources */,
				D5B451DB1CAE722000713157 /* Frameworks */,
				D5B451DC1CAE722000713157 /* Resources */,
			);
			buildRules = (
			);
			dependencies = (
				D5B451E01CAE722000713157 /* PBXTargetDependency */,
			);
			name = "20160401005-CoreAnimation-DifferenceUIViewUITests";
			productName = "20160401005-CoreAnimation-DifferenceUIViewUITests";
			productReference = D5B451DE1CAE722000713157 /* 20160401005-CoreAnimation-DifferenceUIViewUITests.xctest */;
			productType = "com.apple.product-type.bundle.ui-testing";
		};
/* End PBXNativeTarget section */

/* Begin PBXProject section */
		D5B451B21CAE722000713157 /* Project object */ = {
			isa = PBXProject;
			attributes = {
				LastUpgradeCheck = 0730;
				ORGANIZATIONNAME = Rainer;
				TargetAttributes = {
					D5B451B91CAE722000713157 = {
						CreatedOnToolsVersion = 7.3;
					};
					D5B451D21CAE722000713157 = {
						CreatedOnToolsVersion = 7.3;
						TestTargetID = D5B451B91CAE722000713157;
					};
					D5B451DD1CAE722000713157 = {
						CreatedOnToolsVersion = 7.3;
						TestTargetID = D5B451B91CAE722000713157;
					};
				};
			};
			buildConfigurationList = D5B451B51CAE722000713157 /* Build configuration list for PBXProject "20160401005-CoreAnimation-DifferenceUIView" */;
			compatibilityVersion = "Xcode 3.2";
			developmentRegion = English;
			hasScannedForEncodings = 0;
			knownRegions = (
				en,
				Base,
			);
			mainGroup = D5B451B11CAE722000713157;
			productRefGroup = D5B451BB1CAE722000713157 /* Products */;
			projectDirPath = "";
			projectRoot = "";
			targets = (
				D5B451B91CAE722000713157 /* 20160401005-CoreAnimation-DifferenceUIView */,
				D5B451D21CAE722000713157 /* 20160401005-CoreAnimation-DifferenceUIViewTests */,
				D5B451DD1CAE722000713157 /* 20160401005-CoreAnimation-DifferenceUIViewUITests */,
			);
		};
/* End PBXProject section */

/* Begin PBXResourcesBuildPhase section */
		D5B451B81CAE722000713157 /* Resources */ = {
			isa = PBXResourcesBuildPhase;
			buildActionMask = 2147483647;
			files = (
				D5B451CD1CAE722000713157 /* LaunchScreen.storyboard in Resources */,
				D5B451CA1CAE722000713157 /* Assets.xcassets in Resources */,
				D5B451C81CAE722000713157 /* Main.storyboard in Resources */,
			);
			runOnlyForDeploymentPostprocessing = 0;
		};
		D5B451D11CAE722000713157 /* Resources */ = {
			isa = PBXResourcesBuildPhase;
			buildActionMask = 2147483647;
			files = (
			);
			runOnlyForDeploymentPostprocessing = 0;
		};
		D5B451DC1CAE722000713157 /* Resources */ = {
			isa = PBXResourcesBuildPhase;
			buildActionMask = 2147483647;
			files = (
			);
			runOnlyForDeploymentPostprocessing = 0;
		};
/* End PBXResourcesBuildPhase section */

/* Begin PBXSourcesBuildPhase section */
		D5B451B61CAE722000713157 /* Sources */ = {
			isa = PBXSourcesBuildPhase;
			buildActionMask = 2147483647;
			files = (
				D5B451C51CAE722000713157 /* ViewController.m in Sources */,
				D5B451C21CAE722000713157 /* AppDelegate.m in Sources */,
				D5B451BF1CAE722000713157 /* main.m in Sources */,
			);
			runOnlyForDeploymentPostprocessing = 0;
		};
		D5B451CF1CAE722000713157 /* Sources */ = {
			isa = PBXSourcesBuildPhase;
			buildActionMask = 2147483647;
			files = (
				D5B451D81CAE722000713157 /* _0160401005_CoreAnimation_DifferenceUIViewTests.m in Sources */,
			);
			runOnlyForDeploymentPostprocessing = 0;
		};
		D5B451DA1CAE722000713157 /* Sources */ = {
			isa = PBXSourcesBuildPhase;
			buildActionMask = 2147483647;
			files = (
				D5B451E31CAE722000713157 /* _0160401005_CoreAnimation_DifferenceUIViewUITests.m in Sources */,
			);
			runOnlyForDeploymentPostprocessing = 0;
		};
/* End PBXSourcesBuildPhase section */

/* Begin PBXTargetDependency section */
		D5B451D51CAE722000713157 /* PBXTargetDependency */ = {
			isa = PBXTargetDependency;
			target = D5B451B91CAE722000713157 /* 20160401005-CoreAnimation-DifferenceUIView */;
			targetProxy = D5B451D41CAE722000713157 /* PBXContainerItemProxy */;
		};
		D5B451E01CAE722000713157 /* PBXTargetDependency */ = {
			isa = PBXTargetDependency;
			target = D5B451B91CAE722000713157 /* 20160401005-CoreAnimation-DifferenceUIView */;
			targetProxy = D5B451DF1CAE722000713157 /* PBXContainerItemProxy */;
		};
/* End PBXTargetDependency section */

/* Begin PBXVariantGroup section */
		D5B451C61CAE722000713157 /* Main.storyboard */ = {
			isa = PBXVariantGroup;
			children = (
				D5B451C71CAE722000713157 /* Base */,
			);
			name = Main.storyboard;
			sourceTree = "<group>";
		};
		D5B451CB1CAE722000713157 /* LaunchScreen.storyboard */ = {
			isa = PBXVariantGroup;
			children = (
				D5B451CC1CAE722000713157 /* Base */,
			);
			name = LaunchScreen.storyboard;
			sourceTree = "<group>";
		};
/* End PBXVariantGroup section */

/* Begin XCBuildConfiguration section */
		D5B451E51CAE722000713157 /* Debug */ = {
			isa = XCBuildConfiguration;
			buildSettings = {
				ALWAYS_SEARCH_USER_PATHS = NO;
				CLANG_ANALYZER_NONNULL = YES;
				CLANG_CXX_LANGUAGE_STANDARD = "gnu++0x";
				CLANG_CXX_LIBRARY = "libc++";
				CLANG_ENABLE_MODULES = YES;
				CLANG_ENABLE_OBJC_ARC = YES;
				CLANG_WARN_BOOL_CONVERSION = YES;
				CLANG_WARN_CONSTANT_CONVERSION = YES;
				CLANG_WARN_DIRECT_OBJC_ISA_USAGE = YES_ERROR;
				CLANG_WARN_EMPTY_BODY = YES;
				CLANG_WARN_ENUM_CONVERSION = YES;
				CLANG_WARN_INT_CONVERSION = YES;
				CLANG_WARN_OBJC_ROOT_CLASS = YES_ERROR;
				CLANG_WARN_UNREACHABLE_CODE = YES;
				CLANG_WARN__DUPLICATE_METHOD_MATCH = YES;
				"CODE_SIGN_IDENTITY[sdk=iphoneos*]" = "iPhone Developer";
				COPY_PHASE_STRIP = NO;
				DEBUG_INFORMATION_FORMAT = dwarf;
				ENABLE_STRICT_OBJC_MSGSEND = YES;
				ENABLE_TESTABILITY = YES;
				GCC_C_LANGUAGE_STANDARD = gnu99;
				GCC_DYNAMIC_NO_PIC = NO;
				GCC_NO_COMMON_BLOCKS = YES;
				GCC_OPTIMIZATION_LEVEL = 0;
				GCC_PREPROCESSOR_DEFINITIONS = (
					"DEBUG=1",
					"$(inherited)",
				);
				GCC_WARN_64_TO_32_BIT_CONVERSION = YES;
				GCC_WARN_ABOUT_RETURN_TYPE = YES_ERROR;
				GCC_WARN_UNDECLARED_SELECTOR = YES;
				GCC_WARN_UNINITIALIZED_AUTOS = YES_AGGRESSIVE;
				GCC_WARN_UNUSED_FUNCTION = YES;
				GCC_WARN_UNUSED_VARIABLE = YES;
				IPHONEOS_DEPLOYMENT_TARGET = 9.3;
				MTL_ENABLE_DEBUG_INFO = YES;
				ONLY_ACTIVE_ARCH = YES;
				SDKROOT = iphoneos;
			};
			name = Debug;
		};
		D5B451E61CAE722000713157 /* Release */ = {
			isa = XCBuildConfiguration;
			buildSettings = {
				ALWAYS_SEARCH_USER_PATHS = NO;
				CLANG_ANALYZER_NONNULL = YES;
				CLANG_CXX_LANGUAGE_STANDARD = "gnu++0x";
				CLANG_CXX_LIBRARY = "libc++";
				CLANG_ENABLE_MODULES = YES;
				CLANG_ENABLE_OBJC_ARC = YES;
				CLANG_WARN_BOOL_CONVERSION = YES;
				CLANG_WARN_CONSTANT_CONVERSION = YES;
				CLANG_WARN_DIRECT_OBJC_ISA_USAGE = YES_ERROR;
				CLANG_WARN_EMPTY_BODY = YES;
				CLANG_WARN_ENUM_CONVERSION = YES;
				CLANG_WARN_INT_CONVERSION = YES;
				CLANG_WARN_OBJC_ROOT_CLASS = YES_ERROR;
				CLANG_WARN_UNREACHABLE_CODE = YES;
				CLANG_WARN__DUPLICATE_METHOD_MATCH = YES;
				"CODE_SIGN_IDENTITY[sdk=iphoneos*]" = "iPhone Developer";
				COPY_PHASE_STRIP = NO;
				DEBUG_INFORMATION_FORMAT = "dwarf-with-dsym";
				ENABLE_NS_ASSERTIONS = NO;
				ENABLE_STRICT_OBJC_MSGSEND = YES;
				GCC_C_LANGUAGE_STANDARD = gnu99;
				GCC_NO_COMMON_BLOCKS = YES;
				GCC_WARN_64_TO_32_BIT_CONVERSION = YES;
				GCC_WARN_ABOUT_RETURN_TYPE = YES_ERROR;
				GCC_WARN_UNDECLARED_SELECTOR = YES;
				GCC_WARN_UNINITIALIZED_AUTOS = YES_AGGRESSIVE;
				GCC_WARN_UNUSED_FUNCTION = YES;
				GCC_WARN_UNUSED_VARIABLE = YES;
				IPHONEOS_DEPLOYMENT_TARGET = 9.3;
				MTL_ENABLE_DEBUG_INFO = NO;
				SDKROOT = iphoneos;
				VALIDATE_PRODUCT = YES;
			};
			name = Release;
		};
		D5B451E81CAE722000713157 /* Debug */ = {
			isa = XCBuildConfiguration;
			buildSettings = {
				ASSETCATALOG_COMPILER_APPICON_NAME = AppIcon;
				INFOPLIST_FILE = "20160401005-CoreAnimation-DifferenceUIView/Info.plist";
				LD_RUNPATH_SEARCH_PATHS = "$(inherited) @executable_path/Frameworks";
				PRODUCT_BUNDLE_IDENTIFIER = "com.rainer.-0160401005-CoreAnimation-DifferenceUIView";
				PRODUCT_NAME = "$(TARGET_NAME)";
			};
			name = Debug;
		};
		D5B451E91CAE722000713157 /* Release */ = {
			isa = XCBuildConfiguration;
			buildSettings = {
				ASSETCATALOG_COMPILER_APPICON_NAME = AppIcon;
				INFOPLIST_FILE = "20160401005-CoreAnimation-DifferenceUIView/Info.plist";
				LD_RUNPATH_SEARCH_PATHS = "$(inherited) @executable_path/Frameworks";
				PRODUCT_BUNDLE_IDENTIFIER = "com.rainer.-0160401005-CoreAnimation-DifferenceUIView";
				PRODUCT_NAME = "$(TARGET_NAME)";
			};
			name = Release;
		};
		D5B451EB1CAE722000713157 /* Debug */ = {
			isa = XCBuildConfiguration;
			buildSettings = {
				BUNDLE_LOADER = "$(TEST_HOST)";
				INFOPLIST_FILE = "20160401005-CoreAnimation-DifferenceUIViewTests/Info.plist";
				LD_RUNPATH_SEARCH_PATHS = "$(inherited) @executable_path/Frameworks @loader_path/Frameworks";
				PRODUCT_BUNDLE_IDENTIFIER = "com.rainer.-0160401005-CoreAnimation-DifferenceUIViewTests";
				PRODUCT_NAME = "$(TARGET_NAME)";
				TEST_HOST = "$(BUILT_PRODUCTS_DIR)/20160401005-CoreAnimation-DifferenceUIView.app/20160401005-CoreAnimation-DifferenceUIView";
			};
			name = Debug;
		};
		D5B451EC1CAE722000713157 /* Release */ = {
			isa = XCBuildConfiguration;
			buildSettings = {
				BUNDLE_LOADER = "$(TEST_HOST)";
				INFOPLIST_FILE = "20160401005-CoreAnimation-DifferenceUIViewTests/Info.plist";
				LD_RUNPATH_SEARCH_PATHS = "$(inherited) @executable_path/Frameworks @loader_path/Frameworks";
				PRODUCT_BUNDLE_IDENTIFIER = "com.rainer.-0160401005-CoreAnimation-DifferenceUIViewTests";
				PRODUCT_NAME = "$(TARGET_NAME)";
				TEST_HOST = "$(BUILT_PRODUCTS_DIR)/20160401005-CoreAnimation-DifferenceUIView.app/20160401005-CoreAnimation-DifferenceUIView";
			};
			name = Release;
		};
		D5B451EE1CAE722000713157 /* Debug */ = {
			isa = XCBuildConfiguration;
			buildSettings = {
				INFOPLIST_FILE = "20160401005-CoreAnimation-DifferenceUIViewUITests/Info.plist";
				LD_RUNPATH_SEARCH_PATHS = "$(inherited) @executable_path/Frameworks @loader_path/Frameworks";
				PRODUCT_BUNDLE_IDENTIFIER = "com.rainer.-0160401005-CoreAnimation-DifferenceUIViewUITests";
				PRODUCT_NAME = "$(TARGET_NAME)";
				TEST_TARGET_NAME = "20160401005-CoreAnimation-DifferenceUIView";
			};
			name = Debug;
		};
		D5B451EF1CAE722000713157 /* Release */ = {
			isa = XCBuildConfiguration;
			buildSettings = {
				INFOPLIST_FILE = "20160401005-CoreAnimation-DifferenceUIViewUITests/Info.plist";
				LD_RUNPATH_SEARCH_PATHS = "$(inherited) @executable_path/Frameworks @loader_path/Frameworks";
				PRODUCT_BUNDLE_IDENTIFIER = "com.rainer.-0160401005-CoreAnimation-DifferenceUIViewUITests";
				PRODUCT_NAME = "$(TARGET_NAME)";
				TEST_TARGET_NAME = "20160401005-CoreAnimation-DifferenceUIView";
			};
			name = Release;
		};
/* End XCBuildConfiguration section */

/* Begin XCConfigurationList section */
		D5B451B51CAE722000713157 /* Build configuration list for PBXProject "20160401005-CoreAnimation-DifferenceUIView" */ = {
			isa = XCConfigurationList;
			buildConfigurations = (
				D5B451E51CAE722000713157 /* Debug */,
				D5B451E61CAE722000713157 /* Release */,
			);
			defaultConfigurationIsVisible = 0;
			defaultConfigurationName = Release;
		};
		D5B451E71CAE722000713157 /* Build configuration list for PBXNativeTarget "20160401005-CoreAnimation-DifferenceUIView" */ = {
			isa = XCConfigurationList;
			buildConfigurations = (
				D5B451E81CAE722000713157 /* Debug */,
				D5B451E91CAE722000713157 /* Release */,
			);
			defaultConfigurationIsVisible = 0;
		};
		D5B451EA1CAE722000713157 /* Build configuration list for PBXNativeTarget "20160401005-CoreAnimation-DifferenceUIViewTests" */ = {
			isa = XCConfigurationList;
			buildConfigurations = (
				D5B451EB1CAE722000713157 /* Debug */,
				D5B451EC1CAE722000713157 /* Release */,
			);
			defaultConfigurationIsVisible = 0;
		};
		D5B451ED1CAE722000713157 /* Build configuration list for PBXNativeTarget "20160401005-CoreAnimation-DifferenceUIViewUITests" */ = {
			isa = XCConfigurationList;
			buildConfigurations = (
				D5B451EE1CAE722000713157 /* Debug */,
				D5B451EF1CAE722000713157 /* Release */,
			);
			defaultConfigurationIsVisible = 0;
		};
/* End XCConfigurationList section */
	};
	rootObject = D5B451B21CAE722000713157 /* Project object */;
}
